
Microsoft Visual Studio Solution File, Format Version 12.00
# Visual Studio Version 16
VisualStudioVersion = 16.0.31129.286
MinimumVisualStudioVersion = 10.0.40219.1
Project("{FAE04EC0-301F-11D3-BF4B-00C04F79EFBC}") = "WebApplicationNetCore", "WebApplicationNetCore\WebApplicationNetCore.csproj", "{3D8E9770-DE73-4127-A1DD-FBF716FF459C}"
EndProject
Project("{FAE04EC0-301F-11D3-BF4B-00C04F79EFBC}") = "Entity", "Entity\Entity.csproj", "{7C935A89-41B4-4646-8CC9-994FFD0A5D41}"
EndProject
Project("{FAE04EC0-301F-11D3-BF4B-00C04F79EFBC}") = "Dal", "Dal\Dal.csproj", "{26A00EBD-97B9-41DE-B1B2-72DF59BD72EC}"
EndProject
Project("{FAE04EC0-301F-11D3-BF4B-00C04F79EFBC}") = "Bll", "Bll\Bll.csproj", "{F23C4AE0-BB34-4FA1-AE73-54D3571384D9}"
EndProject
Global
	GlobalSection(SolutionConfigurationPlatforms) = preSolution
		Debug|Any CPU = Debug|Any CPU
		Release|Any CPU = Release|Any CPU
	EndGlobalSection
	GlobalSection(ProjectConfigurationPlatforms) = postSolution
		{3D8E9770-DE73-4127-A1DD-FBF716FF459C}.Debug|Any CPU.ActiveCfg = Debug|Any CPU
		{3D8E9770-DE73-4127-A1DD-FBF716FF459C}.Debug|Any CPU.Build.0 = Debug|Any CPU
		{3D8E9770-DE73-4127-A1DD-FBF716FF459C}.Release|Any CPU.ActiveCfg = Release|Any CPU
		{3D8E9770-DE73-4127-A1DD-FBF716FF459C}.Release|Any CPU.Build.0 = Release|Any CPU
		{7C935A89-41B4-4646-8CC9-994FFD0A5D41}.Debug|Any CPU.ActiveCfg = Debug|Any CPU
		{7C935A89-41B4-4646-8CC9-994FFD0A5D41}.Debug|Any CPU.Build.0 = Debug|Any CPU
		{7C935A89-41B4-4646-8CC9-994FFD0A5D41}.Release|Any CPU.ActiveCfg = Release|Any CPU
		{7C935A89-41B4-4646-8CC9-994FFD0A5D41}.Release|Any CPU.Build.0 = Release|Any CPU
		{26A00EBD-97B9-41DE-B1B2-72DF59BD72EC}.Debug|Any CPU.ActiveCfg = Debug|Any CPU
		{26A00EBD-97B9-41DE-B1B2-72DF59BD72EC}.Debug|Any CPU.Build.0 = Debug|Any CPU
		{26A00EBD-97B9-41DE-B1B2-72DF59BD72EC}.Release|Any CPU.ActiveCfg = Release|Any CPU
		{26A00EBD-97B9-41DE-B1B2-72DF59BD72EC}.Release|Any CPU.Build.0 = Release|Any CPU
		{F23C4AE0-BB34-4FA1-AE73-54D3571384D9}.Debug|Any CPU.ActiveCfg = Debug|Any CPU
		{F23C4AE0-BB34-4FA1-AE73-54D3571384D9}.Debug|Any CPU.Build.0 = Debug|Any CPU
		{F23C4AE0-BB34-4FA1-AE73-54D3571384D9}.Release|Any CPU.ActiveCfg = Release|Any CPU
		{F23C4AE0-BB34-4FA1-AE73-54D3571384D9}.Release|Any CPU.Build.0 = Release|Any CPU
	EndGlobalSection
	GlobalSection(SolutionProperties) = preSolution
		HideSolutionNode = FALSE
	EndGlobalSection
	GlobalSection(ExtensibilityGlobals) = postSolution
		SolutionGuid = {B5090511-EA45-4CE5-86BB-416D28B068DC}
	EndGlobalSection
EndGlobal
